
Microsoft Visual Studio Solution File, Format Version 12.00
# Visual Studio Version 16
VisualStudioVersion = 16.0.31129.286
MinimumVisualStudioVersion = 10.0.40219.1
Project("{FAE04EC0-301F-11D3-BF4B-00C04F79EFBC}") = "Atv1", "Atv1\Atv1.csproj", "{74CB61A6-482F-462F-B9B6-1F80234941CE}"
EndProject
Global
	GlobalSection(SolutionConfigurationPlatforms) = preSolution
		Debug|Any CPU = Debug|Any CPU
		Release|Any CPU = Release|Any CPU
	EndGlobalSection
	GlobalSection(ProjectConfigurationPlatforms) = postSolution
		{74CB61A6-482F-462F-B9B6-1F80234941CE}.Debug|Any CPU.ActiveCfg = Debug|Any CPU
		{74CB61A6-482F-462F-B9B6-1F80234941CE}.Debug|Any CPU.Build.0 = Debug|Any CPU
		{74CB61A6-482F-462F-B9B6-1F80234941CE}.Release|Any CPU.ActiveCfg = Release|Any CPU
		{74CB61A6-482F-462F-B9B6-1F80234941CE}.Release|Any CPU.Build.0 = Release|Any CPU
	EndGlobalSection
	GlobalSection(SolutionProperties) = preSolution
		HideSolutionNode = FALSE
	EndGlobalSection
	GlobalSection(ExtensibilityGlobals) = postSolution
		SolutionGuid = {F3F27B74-C1AD-4FC2-AB1F-29D1A19A11C5}
	EndGlobalSection
EndGlobal
